
Microsoft Visual Studio Solution File, Format Version 12.00
# Visual Studio Version 17
VisualStudioVersion = 17.14.36121.58 d17.14
MinimumVisualStudioVersion = 10.0.40219.1
Project("{FAE04EC0-301F-11D3-BF4B-00C04F79EFBC}") = "azure-git-training", "azure-git-training.csproj", "{77D739A0-3AFD-4CA6-BBA6-9698861B268A}"
EndProject
Global
	GlobalSection(SolutionConfigurationPlatforms) = preSolution
		Debug|Any CPU = Debug|Any CPU
		Release|Any CPU = Release|Any CPU
	EndGlobalSection
	GlobalSection(ProjectConfigurationPlatforms) = postSolution
		{77D739A0-3AFD-4CA6-BBA6-9698861B268A}.Debug|Any CPU.ActiveCfg = Debug|Any CPU
		{77D739A0-3AFD-4CA6-BBA6-9698861B268A}.Debug|Any CPU.Build.0 = Debug|Any CPU
		{77D739A0-3AFD-4CA6-BBA6-9698861B268A}.Release|Any CPU.ActiveCfg = Release|Any CPU
		{77D739A0-3AFD-4CA6-BBA6-9698861B268A}.Release|Any CPU.Build.0 = Release|Any CPU
	EndGlobalSection
	GlobalSection(SolutionProperties) = preSolution
		HideSolutionNode = FALSE
	EndGlobalSection
	GlobalSection(ExtensibilityGlobals) = postSolution
		SolutionGuid = {DDACC787-AB87-481B-93B8-EBDE258D447E}
	EndGlobalSection
EndGlobal
